version: 7
platforms:
- name: osx-arm64
  virtual-packages:
  - __unix=0=0
  - __osx=13.0
  - __archspec=0=m1
environments:
  default:
    channels:
    - url: https://conda.anaconda.org/conda-forge/
    packages:
      osx-arm64:
      - conda: https://conda.anaconda.org/conda-forge/noarch/_python_abi3_support-1.0-hd8ed1ab_3.conda
      - conda: https://conda.anaconda.org/conda-forge/noarch/ca-certificates-2026.6.17-hbd8a1cb_0.conda
      - conda: https://conda.anaconda.org/conda-forge/noarch/certifi-2026.6.17-pyhd8ed1ab_0.conda
      - conda: https://conda.anaconda.org/conda-forge/noarch/cpython-3.14.6-py314hd8ed1ab_100.conda
      - conda: https://conda.anaconda.org/conda-forge/noarch/packaging-26.2-pyhc364b38_0.conda
      - conda: https://conda.anaconda.org/conda-forge/noarch/python-gil-3.14.6-h4df99d1_100.conda
      - conda: https://conda.anaconda.org/conda-forge/noarch/python_abi-3.14-8_cp314.conda
      - conda: https://conda.anaconda.org/conda-forge/noarch/tzdata-2025c-hc9c84f9_1.conda
      - conda: https://conda.anaconda.org/conda-forge/osx-arm64/_openmp_mutex-4.5-7_kmp_llvm.conda
      - conda: https://conda.anaconda.org/conda-forge/osx-arm64/aws-c-auth-0.10.4-h0f08c97_1.conda
      - conda: https://conda.anaconda.org/conda-forge/osx-arm64/aws-c-cal-0.9.14-hb9ed60c_4.conda
      - conda: https://conda.anaconda.org/conda-forge/osx-arm64/aws-c-common-0.14.2-h84a0fba_0.conda
      - conda: https://conda.anaconda.org/conda-forge/osx-arm64/aws-c-compression-0.3.2-hf0b4b85_4.conda
      - conda: https://conda.anaconda.org/conda-forge/osx-arm64/aws-c-http-0.11.0-h27f0cb5_4.conda
      - conda: https://conda.anaconda.org/conda-forge/osx-arm64/aws-c-io-0.27.3-ha24efe8_1.conda
      - conda: https://conda.anaconda.org/conda-forge/osx-arm64/aws-c-s3-0.12.8-hdc61527_1.conda
      - conda: https://conda.anaconda.org/conda-forge/osx-arm64/aws-c-sdkutils-0.2.7-hf0b4b85_2.conda
      - conda: https://conda.anaconda.org/conda-forge/osx-arm64/aws-checksums-0.2.10-hf0b4b85_4.conda
      - conda: https://conda.anaconda.org/conda-forge/osx-arm64/blosc-1.21.6-h7dd00d9_1.conda
      - conda: https://conda.anaconda.org/conda-forge/osx-arm64/bzip2-1.0.8-hd037594_9.conda
      - conda: https://conda.anaconda.org/conda-forge/osx-arm64/c-ares-1.34.8-h84a0fba_0.conda
      - conda: https://conda.anaconda.org/conda-forge/osx-arm64/cftime-1.6.5-py314h2115a04_1.conda
      - conda: https://conda.anaconda.org/conda-forge/osx-arm64/cmake-4.4.0-h8cb302d_0.conda
      - conda: https://conda.anaconda.org/conda-forge/osx-arm64/hdf4-4.2.15-h2ee6834_7.conda
      - conda: https://conda.anaconda.org/conda-forge/osx-arm64/hdf5-2.1.0-nompi_hebe1841_110.conda
      - conda: https://conda.anaconda.org/conda-forge/osx-arm64/icu-78.3-hef89b57_0.conda
      - conda: https://conda.anaconda.org/conda-forge/osx-arm64/krb5-1.22.2-hfd3d5f3_1.conda
      - conda: https://conda.anaconda.org/conda-forge/osx-arm64/libaec-1.1.5-h8664d51_0.conda
      - conda: https://conda.anaconda.org/conda-forge/osx-arm64/libblas-3.11.0-8_h51639a9_openblas.conda
      - conda: https://conda.anaconda.org/conda-forge/osx-arm64/libcblas-3.11.0-8_hb0561ab_openblas.conda
      - conda: https://conda.anaconda.org/conda-forge/osx-arm64/libcurl-8.21.0-h1359186_2.conda
      - conda: https://conda.anaconda.org/conda-forge/osx-arm64/libcxx-22.1.8-h55c6f16_0.conda
      - conda: https://conda.anaconda.org/conda-forge/osx-arm64/libedit-3.1.20250104-pl5321hafb1f1b_0.conda
      - conda: https://conda.anaconda.org/conda-forge/osx-arm64/libev-4.33-h93a5062_2.conda
      - conda: https://conda.anaconda.org/conda-forge/osx-arm64/libexpat-2.8.1-hf6b4638_1.conda
      - conda: https://conda.anaconda.org/conda-forge/osx-arm64/libffi-3.5.2-hcf2aa1b_0.conda
      - conda: https://conda.anaconda.org/conda-forge/osx-arm64/libgcc-15.2.0-hcbb3090_19.conda
      - conda: https://conda.anaconda.org/conda-forge/osx-arm64/libgfortran-15.2.0-h07b0088_19.conda
      - conda: https://conda.anaconda.org/conda-forge/osx-arm64/libgfortran5-15.2.0-hdae7583_19.conda
      - conda: https://conda.anaconda.org/conda-forge/osx-arm64/libiconv-1.18-h23cfdf5_2.conda
      - conda: https://conda.anaconda.org/conda-forge/osx-arm64/libjpeg-turbo-3.2.0-h84a0fba_0.conda
      - conda: https://conda.anaconda.org/conda-forge/osx-arm64/liblapack-3.11.0-8_hd9741b5_openblas.conda
      - conda: https://conda.anaconda.org/conda-forge/osx-arm64/libllvm23-23.1.1-h759d1ac_0.conda
      - conda: https://conda.anaconda.org/conda-forge/osx-arm64/liblzma-5.8.3-h8088a28_0.conda
      - conda: https://conda.anaconda.org/conda-forge/osx-arm64/libmpdec-4.0.0-h84a0fba_1.conda
      - conda: https://conda.anaconda.org/conda-forge/osx-arm64/libnetcdf-4.10.1-nompi_ha00b61a_201.conda
      - conda: https://conda.anaconda.org/conda-forge/osx-arm64/libnghttp2-1.68.1-h8f3e76b_0.conda
      - conda: https://conda.anaconda.org/conda-forge/osx-arm64/libopenblas-0.3.33-openmp_he657e61_0.conda
      - conda: https://conda.anaconda.org/conda-forge/osx-arm64/libpsl-0.22.0-h92480b3_1.conda
      - conda: https://conda.anaconda.org/conda-forge/osx-arm64/libsqlite-3.53.3-h1b79a29_0.conda
      - conda: https://conda.anaconda.org/conda-forge/osx-arm64/libssh2-1.11.1-h1590b86_0.conda
      - conda: https://conda.anaconda.org/conda-forge/osx-arm64/libuv-1.52.1-h1a92334_0.conda
      - conda: https://conda.anaconda.org/conda-forge/osx-arm64/libxml2-16-2.15.4-heb56d2d_0.conda
      - conda: https://conda.anaconda.org/conda-forge/osx-arm64/libxml2-2.15.4-h550178d_0.conda
      - conda: https://conda.anaconda.org/conda-forge/osx-arm64/libzip-1.11.2-h1336266_0.conda
      - conda: https://conda.anaconda.org/conda-forge/osx-arm64/libzlib-1.3.2-h8088a28_2.conda
      - conda: https://conda.anaconda.org/conda-forge/osx-arm64/llvm-openmp-22.1.8-hc7d1edf_0.conda
      - conda: https://conda.anaconda.org/conda-forge/osx-arm64/llvm-tools-23-23.1.1-h79441dc_0.conda
      - conda: https://conda.anaconda.org/conda-forge/osx-arm64/llvm-tools-23.1.1-hdb3d66b_0.conda
      - conda: https://conda.anaconda.org/conda-forge/osx-arm64/lz4-c-1.10.0-h286801f_1.conda
      - conda: https://conda.anaconda.org/conda-forge/osx-arm64/make-4.4.1-hc9fafa5_2.conda
      - conda: https://conda.anaconda.org/conda-forge/osx-arm64/ncurses-6.6-h1d4f5a5_0.conda
      - conda: https://conda.anaconda.org/conda-forge/osx-arm64/netcdf4-1.7.4-nompi_py311h2615ac9_109.conda
      - conda: https://conda.anaconda.org/conda-forge/osx-arm64/numpy-2.5.1-py314hb79c6fa_0.conda
      - conda: https://conda.anaconda.org/conda-forge/osx-arm64/openssl-3.6.3-hd24854e_0.conda
      - conda: https://conda.anaconda.org/conda-forge/osx-arm64/python-3.14.6-h156bc91_100_cp314.conda
      - conda: https://conda.anaconda.org/conda-forge/osx-arm64/readline-8.3-h46df422_0.conda
      - conda: https://conda.anaconda.org/conda-forge/osx-arm64/rhash-1.4.6-h5505292_1.conda
      - conda: https://conda.anaconda.org/conda-forge/osx-arm64/s2n-1.7.5-h1b28cb6_1.conda
      - conda: https://conda.anaconda.org/conda-forge/osx-arm64/snappy-1.2.2-hada39a4_1.conda
      - conda: https://conda.anaconda.org/conda-forge/osx-arm64/tk-8.6.13-h010d191_3.conda
      - conda: https://conda.anaconda.org/conda-forge/osx-arm64/zstd-1.5.7-hbf9d68e_6.conda
packages:
- conda: https://conda.anaconda.org/conda-forge/noarch/_python_abi3_support-1.0-hd8ed1ab_3.conda
  sha256: 2a7204314663eeda5dec482a956f0e2eaf289bd5b9953eaaaad0e81aa64638f2
  md5: 3845f3d75991bae0fb90884662f4327c
  depends:
  - cpython
  - python-gil
  license: MIT
  run_exports: {}
  size: 8144
  timestamp: 1784221492234
- conda: https://conda.anaconda.org/conda-forge/noarch/ca-certificates-2026.6.17-hbd8a1cb_0.conda
  sha256: f8e3c730fa14ee3f170493779f06522c4acf89169f43db4f039727709b6419cf
  md5: a9965dd99f683c5f444428f896635716
  depends:
  - __unix
  license: ISC
  run_exports: {}
  size: 128866
  timestamp: 1781708962055
- conda: https://conda.anaconda.org/conda-forge/noarch/certifi-2026.6.17-pyhd8ed1ab_0.conda
  sha256: 6c13620e458ba43278379d0cdacc30c497336bddfda81681fd50d114a65c702f
  md5: c13824fedced67005d3832c152fe9c2f
  depends:
  - python >=3.10
  license: ISC
  run_exports: {}
  size: 133877
  timestamp: 1781719949728
- conda: https://conda.anaconda.org/conda-forge/noarch/cpython-3.14.6-py314hd8ed1ab_100.conda
  noarch: generic
  sha256: 7a548856ef5307890a8cadfc196655117658f8c24589ce175caa4c1c2ded9d13
  md5: b28fe35fd43d5f425c0dccbe5b5039fd
  depends:
  - python >=3.14,<3.15.0a0
  - python_abi * *_cp314
  license: Python-2.0
  run_exports: {}
  size: 49333
  timestamp: 1781254618863
- conda: https://conda.anaconda.org/conda-forge/noarch/packaging-26.2-pyhc364b38_0.conda
  sha256: 3906abfb6511a3bb309e39b9b1b7bc38f50a723971de2395489fd1f379255890
  md5: 4c06a92e74452cfa53623a81592e8934
  depends:
  - python >=3.8
  - python
  license: Apache-2.0
  license_family: APACHE
  run_exports: {}
  size: 91574
  timestamp: 1777103621679
- conda: https://conda.anaconda.org/conda-forge/noarch/python-gil-3.14.6-h4df99d1_100.conda
  sha256: 84c129bdd6abcecac42a948f2670d17fe735d02d3a5a483a9b1f1bc33ba38c28
  md5: 224f69f177eb5aae6c9a6052846bf609
  depends:
  - cpython 3.14.6.*
  - python_abi * *_cp314
  license: Python-2.0
  run_exports: {}
  size: 49315
  timestamp: 1781254664376
- conda: https://conda.anaconda.org/conda-forge/noarch/python_abi-3.14-8_cp314.conda
  build_number: 8
  sha256: ad6d2e9ac39751cc0529dd1566a26751a0bf2542adb0c232533d32e176e21db5
  md5: 0539938c55b6b1a59b560e843ad864a4
  constrains:
  - python 3.14.* *_cp314
  license: BSD-3-Clause
  license_family: BSD
  run_exports: {}
  size: 6989
  timestamp: 1752805904792
- conda: https://conda.anaconda.org/conda-forge/noarch/tzdata-2025c-hc9c84f9_1.conda
  sha256: 1d30098909076af33a35017eed6f2953af1c769e273a0626a04722ac4acaba3c
  md5: ad659d0a2b3e47e38d829aa8cad2d610
  license: LicenseRef-Public-Domain
  run_exports: {}
  size: 119135
  timestamp: 1767016325805
- conda: https://conda.anaconda.org/conda-forge/osx-arm64/_openmp_mutex-4.5-7_kmp_llvm.conda
  build_number: 7
  sha256: 7acaa2e0782cad032bdaf756b536874346ac1375745fb250e9bdd6a48a7ab3cd
  md5: a44032f282e7d2acdeb1c240308052dd
  depends:
  - llvm-openmp >=9.0.1
  license: BSD-3-Clause
  license_family: BSD
  run_exports:
    weak:
    - _openmp_mutex >=4.5
  size: 8325
  timestamp: 1764092507920
- conda: https://conda.anaconda.org/conda-forge/osx-arm64/aws-c-auth-0.10.4-h0f08c97_1.conda
  sha256: 8e503ab875683720c4ddcce216ad2aa96c32b90bc59e9a692c694e07ba4e5d8d
  md5: c5d9f5796fb392f0984def10b26f1175
  depends:
  - __osx >=11.0
  - aws-c-http >=0.11.0,<0.11.1.0a0
  - aws-c-common >=0.14.2,<0.14.3.0a0
  - aws-c-cal >=0.9.14,<0.9.15.0a0
  - aws-c-io >=0.27.3,<0.27.4.0a0
  - aws-c-sdkutils >=0.2.7,<0.2.8.0a0
  license: Apache-2.0
  license_family: APACHE
  run_exports:
    weak:
    - aws-c-auth >=0.10.4,<0.10.5.0a0
  size: 117350
  timestamp: 1784086893887
- conda: https://conda.anaconda.org/conda-forge/osx-arm64/aws-c-cal-0.9.14-hb9ed60c_4.conda
  sha256: 9760cd6c5cc16ecd989866e86fea1fbe23bff3279831ce6f13b83afb6f6f2075
  md5: 5f5ba0cd72e15095ede1ad38e8907f5f
  depends:
  - __osx >=11.0
  - aws-c-common >=0.14.2,<0.14.3.0a0
  license: Apache-2.0
  license_family: Apache
  run_exports:
    weak:
    - aws-c-cal >=0.9.14,<0.9.15.0a0
  size: 45835
  timestamp: 1784043800544
- conda: https://conda.anaconda.org/conda-forge/osx-arm64/aws-c-common-0.14.2-h84a0fba_0.conda
  sha256: 0cc9a2a36387975a643cc33d7b60db894650efa707ff73a85e93f80f03904c97
  md5: 35d52f06a5eaaa66c62dd37a4d82d780
  depends:
  - __osx >=11.0
  license: Apache-2.0
  license_family: Apache
  run_exports:
    weak:
    - aws-c-common >=0.14.2,<0.14.3.0a0
  size: 228084
  timestamp: 1783637822478
- conda: https://conda.anaconda.org/conda-forge/osx-arm64/aws-c-compression-0.3.2-hf0b4b85_4.conda
  sha256: 8363308db46a84c5d7e9a309aaca8a18541f46f3b6e7b7027479a95ab910e19a
  md5: 6e0883cca4143f456e019f751d0b9f3b
  depends:
  - __osx >=11.0
  - aws-c-common >=0.14.2,<0.14.3.0a0
  license: Apache-2.0
  license_family: APACHE
  run_exports:
    weak:
    - aws-c-compression >=0.3.2,<0.3.3.0a0
  size: 21774
  timestamp: 1784042939907
- conda: https://conda.anaconda.org/conda-forge/osx-arm64/aws-c-http-0.11.0-h27f0cb5_4.conda
  sha256: 851a01b9e6f0078107549ec1d1545cd27a50a073e4e9599d6f8f4ba69a8cba30
  md5: 9e435c44eafb6aba85f0133f4c579d1c
  depends:
  - __osx >=11.0
  - aws-c-io >=0.27.3,<0.27.4.0a0
  - aws-c-common >=0.14.2,<0.14.3.0a0
  - aws-c-compression >=0.3.2,<0.3.3.0a0
  - aws-c-cal >=0.9.14,<0.9.15.0a0
  license: Apache-2.0
  license_family: APACHE
  run_exports:
    weak:
    - aws-c-http >=0.11.0,<0.11.1.0a0
  size: 177761
  timestamp: 1784075780838
- conda: https://conda.anaconda.org/conda-forge/osx-arm64/aws-c-io-0.27.3-ha24efe8_1.conda
  sha256: 2b127f1ccd9f022c945363e1e8eb6fd4a5fbc89677ac678abde6dc022ba26765
  md5: c4d73dc09e972a895d5a3dc7ce158be9
  depends:
  - __osx >=11.0
  - s2n >=1.7.5,<1.7.6.0a0
  - aws-c-cal >=0.9.14,<0.9.15.0a0
  - aws-c-common >=0.14.2,<0.14.3.0a0
  license: Apache-2.0
  license_family: APACHE
  run_exports:
    weak:
    - aws-c-io >=0.27.3,<0.27.4.0a0
  size: 189938
  timestamp: 1784054954272
- conda: https://conda.anaconda.org/conda-forge/osx-arm64/aws-c-s3-0.12.8-hdc61527_1.conda
  sha256: f56014c02923a32cb3387eab782420ff40c9aae68c95cf08bfd2143a5c3c2cdd
  md5: ea0e1e78de6375004530dd9f49d7ae46
  depends:
  - __osx >=11.0
  - aws-c-http >=0.11.0,<0.11.1.0a0
  - aws-c-common >=0.14.2,<0.14.3.0a0
  - aws-c-io >=0.27.3,<0.27.4.0a0
  - aws-c-auth >=0.10.4,<0.10.5.0a0
  - aws-c-cal >=0.9.14,<0.9.15.0a0
  - aws-checksums >=0.2.10,<0.2.11.0a0
  license: Apache-2.0
  license_family: APACHE
  run_exports:
    weak:
    - aws-c-s3 >=0.12.8,<0.12.9.0a0
  size: 133754
  timestamp: 1784101134287
- conda: https://conda.anaconda.org/conda-forge/osx-arm64/aws-c-sdkutils-0.2.7-hf0b4b85_2.conda
  sha256: 3ee2dcefcd45283508a3049bd4f5b508a46c16af906a0c3d351d0f9d81738464
  md5: de81e53b45b103470d3be61984dcc292
  depends:
  - __osx >=11.0
  - aws-c-common >=0.14.2,<0.14.3.0a0
  license: Apache-2.0
  license_family: APACHE
  run_exports:
    weak:
    - aws-c-sdkutils >=0.2.7,<0.2.8.0a0
  size: 60771
  timestamp: 1784044312402
- conda: https://conda.anaconda.org/conda-forge/osx-arm64/aws-checksums-0.2.10-hf0b4b85_4.conda
  sha256: 13313afb01bf4f1c328695724d5b16263810f84d7572f6cb0b4d12f877d7f1d6
  md5: 99cd08b2a8261083e4ad9414cbe737df
  depends:
  - __osx >=11.0
  - aws-c-common >=0.14.2,<0.14.3.0a0
  license: Apache-2.0
  license_family: APACHE
  run_exports:
    weak:
    - aws-checksums >=0.2.10,<0.2.11.0a0
  size: 92225
  timestamp: 1784044297006
- conda: https://conda.anaconda.org/conda-forge/osx-arm64/blosc-1.21.6-h7dd00d9_1.conda
  sha256: c3fe902114b9a3ac837e1a32408cc2142c147ec054c1038d37aec6814343f48a
  md5: 925acfb50a750aa178f7a0aced77f351
  depends:
  - __osx >=11.0
  - libcxx >=18
  - libzlib >=1.3.1,<2.0a0
  - lz4-c >=1.10.0,<1.11.0a0
  - snappy >=1.2.1,<1.3.0a0
  - zstd >=1.5.6,<1.6.0a0
  license: BSD-3-Clause
  license_family: BSD
  run_exports:
    weak:
    - blosc >=1.21.6,<2.0a0
  size: 33602
  timestamp: 1733513285902
- conda: https://conda.anaconda.org/conda-forge/osx-arm64/bzip2-1.0.8-hd037594_9.conda
  sha256: 540fe54be35fac0c17feefbdc3e29725cce05d7367ffedfaaa1bdda234b019df
  md5: 620b85a3f45526a8bc4d23fd78fc22f0
  depends:
  - __osx >=11.0
  license: bzip2-1.0.6
  license_family: BSD
  run_exports:
    weak:
    - bzip2 >=1.0.8,<2.0a0
  size: 124834
  timestamp: 1771350416561
- conda: https://conda.anaconda.org/conda-forge/osx-arm64/c-ares-1.34.8-h84a0fba_0.conda
  sha256: 2bfa6ed107d2d8b5835228f8392050cc12e4b6dd732ee044c4ab503b94ff7f31
  md5: 187f3b77e761a2f126f9e09f165cebba
  depends:
  - __osx >=11.0
  license: MIT
  license_family: MIT
  run_exports:
    weak:
    - c-ares >=1.34.8,<2.0a0
  size: 183515
  timestamp: 1784091337771
- conda: https://conda.anaconda.org/conda-forge/osx-arm64/cftime-1.6.5-py314h2115a04_1.conda
  sha256: 266ee94a54887cbe8c05ae4ea6d5ea575fafb9d7f64c0ce0859af0fc5a416e59
  md5: a03f98abd72452e57a6667a58a5a2fdf
  depends:
  - __osx >=11.0
  - numpy >=1.21.2
  - numpy >=1.23,<3
  - python >=3.14,<3.15.0a0
  - python >=3.14,<3.15.0a0 *_cp314
  - python_abi 3.14.* *_cp314
  license: MIT
  license_family: MIT
  run_exports: {}
  size: 397425
  timestamp: 1768511349471
- conda: https://conda.anaconda.org/conda-forge/osx-arm64/cmake-4.4.0-h8cb302d_0.conda
  sha256: e1dd4d6f3e3c19a39c6d25abc77ed6a1a286e70a141c9d78f3cc059279abab2c
  md5: 11da6a57bdd85561dda6182321039659
  depends:
  - __osx >=11.0
  - bzip2 >=1.0.8,<2.0a0
  - libcurl >=8.21.0,<9.0a0
  - libcxx >=19
  - libexpat >=2.8.1,<3.0a0
  - liblzma >=5.8.3,<6.0a0
  - libuv >=1.52.1,<2.0a0
  - libzlib >=1.3.2,<2.0a0
  - ncurses >=6.6,<7.0a0
  - rhash >=1.4.6,<2.0a0
  - zstd >=1.5.7,<1.6.0a0
  license: BSD-3-Clause
  license_family: BSD
  run_exports: {}
  size: 18803541
  timestamp: 1783661096519
- conda: https://conda.anaconda.org/conda-forge/osx-arm64/hdf4-4.2.15-h2ee6834_7.conda
  sha256: c3b01e3c3fe4ca1c4d28c287eaa5168a4f2fd3ffd76690082ac919244c22fa90
  md5: ff5d749fd711dc7759e127db38005924
  depends:
  - libcxx >=15.0.7
  - libjpeg-turbo >=3.0.0,<4.0a0
  - libzlib >=1.2.13,<2.0.0a0
  license: BSD-3-Clause
  license_family: BSD
  run_exports:
    weak:
    - hdf4 >=4.2.15,<4.2.16.0a0
  size: 762257
  timestamp: 1695661864625
- conda: https://conda.anaconda.org/conda-forge/osx-arm64/hdf5-2.1.0-nompi_hebe1841_110.conda
  sha256: 7e66a888a88a92e3da6c5f3dd9a2ff658c1f2fb16f476b2200eb446f092bd5b1
  md5: 0d84c4ec4af6aa69b8f40ab62b72e3bc
  depends:
  - __osx >=11.0
  - aws-c-auth >=0.10.4,<0.10.5.0a0
  - aws-c-common >=0.14.2,<0.14.3.0a0
  - aws-c-http >=0.11.0,<0.11.1.0a0
  - aws-c-io >=0.27.3,<0.27.4.0a0
  - aws-c-s3 >=0.12.8,<0.12.9.0a0
  - aws-c-sdkutils >=0.2.7,<0.2.8.0a0
  - libaec >=1.1.5,<2.0a0
  - libcurl >=8.21.0,<9.0a0
  - libcxx >=19
  - libgfortran
  - libgfortran5 >=14.3.0
  - libzlib >=1.3.2,<2.0a0
  - openssl >=3.5.7,<4.0a0
  license: BSD-3-Clause
  license_family: BSD
  run_exports:
    weak:
    - hdf5 >=2.1.0,<3.0a0
  size: 3969996
  timestamp: 1784118396974
- conda: https://conda.anaconda.org/conda-forge/osx-arm64/icu-78.3-hef89b57_0.conda
  sha256: 3a7907a17e9937d3a46dfd41cffaf815abad59a569440d1e25177c15fd0684e5
  md5: f1182c91c0de31a7abd40cedf6a5ebef
  depends:
  - __osx >=11.0
  license: MIT
  license_family: MIT
  run_exports:
    weak:
    - icu >=78.3,<79.0a0
  size: 12361647
  timestamp: 1773822915649
- conda: https://conda.anaconda.org/conda-forge/osx-arm64/krb5-1.22.2-hfd3d5f3_1.conda
  sha256: c740e4a2e7247776a9883158fdab50ae0732c8f67f96d8f1db8ad9da5e0b5222
  md5: 8780f41b013d19219faef9c82260744b
  depends:
  - __osx >=11.0
  - libcxx >=19
  - libedit >=3.1.20250104,<3.2.0a0
  - libedit >=3.1.20250104,<4.0a0
  - openssl >=3.5.7,<4.0a0
  license: MIT
  license_family: MIT
  run_exports:
    weak:
    - krb5 >=1.22.2,<1.23.0a0
  size: 1159780
  timestamp: 1781859501654
- conda: https://conda.anaconda.org/conda-forge/osx-arm64/libaec-1.1.5-h8664d51_0.conda
  sha256: af9cd8db11eb719e38a3340c88bb4882cf19b5b4237d93845224489fc2a13b46
  md5: 13e6d9ae0efbc9d2e9a01a91f4372b41
  depends:
  - __osx >=11.0
  - libcxx >=19
  license: BSD-2-Clause
  license_family: BSD
  run_exports:
    weak:
    - libaec >=1.1.5,<2.0a0
  size: 30390
  timestamp: 1769222133373
- conda: https://conda.anaconda.org/conda-forge/osx-arm64/libblas-3.11.0-8_h51639a9_openblas.conda
  build_number: 8
  sha256: 8f5ec18ead0619a9cf0f38b49796c22f6fc0f44850c0df2baea0f5277db16e75
  md5: dbfe729181a32741ae63ecb41eefbac6
  depends:
  - libopenblas >=0.3.33,<0.3.34.0a0
  - libopenblas >=0.3.33,<1.0a0
  constrains:
  - blas 2.308   openblas
  - liblapack  3.11.0   8*_openblas
  - liblapacke 3.11.0   8*_openblas
  - libcblas   3.11.0   8*_openblas
  - mkl <2027
  license: BSD-3-Clause
  license_family: BSD
  run_exports:
    weak:
    - libblas >=3.11.0,<4.0a0
  size: 18949
  timestamp: 1779859141315
- conda: https://conda.anaconda.org/conda-forge/osx-arm64/libcblas-3.11.0-8_hb0561ab_openblas.conda
  build_number: 8
  sha256: f93efcd44bc24f97c2478c7474d3baa6801a057974f330e1d06bedc33e4c778f
  md5: 03a2ef3491da9e5b4d18c03e9f4b3109
  depends:
  - libblas 3.11.0 8_h51639a9_openblas
  constrains:
  - blas 2.308   openblas
  - liblapack  3.11.0   8*_openblas
  - liblapacke 3.11.0   8*_openblas
  license: BSD-3-Clause
  license_family: BSD
  run_exports:
    weak:
    - libcblas >=3.11.0,<4.0a0
  size: 18911
  timestamp: 1779859147634
- conda: https://conda.anaconda.org/conda-forge/osx-arm64/libcurl-8.21.0-h1359186_2.conda
  sha256: b21aec36796a7d9b3c8b634f2d466c1d0a2658b2e57aa4686285cf4c10d5c227
  md5: dfe89fb0539ad4611998a5c6905692ff
  depends:
  - __osx >=11.0
  - krb5 >=1.22.2,<1.23.0a0
  - libnghttp2 >=1.68.1,<2.0a0
  - libpsl >=0.22.0,<0.23.0a0
  - libssh2 >=1.11.1,<2.0a0
  - libzlib >=1.3.2,<2.0a0
  - openssl >=3.5.7,<4.0a0
  - zstd >=1.5.7,<1.6.0a0
  license: curl
  license_family: MIT
  run_exports:
    weak:
    - libcurl >=8.21.0,<9.0a0
  size: 411467
  timestamp: 1782911970818
- conda: https://conda.anaconda.org/conda-forge/osx-arm64/libcxx-22.1.8-h55c6f16_0.conda
  sha256: a2e7abab5add9750fab064c024394de48e49f97631c605ad5db5c8ac3fc769ef
  md5: 89f76a2a21a3ec3ec983b5eb237c4113
  depends:
  - __osx >=11.0
  license: Apache-2.0 WITH LLVM-exception
  license_family: Apache
  run_exports: {}
  size: 569349
  timestamp: 1781670209146
- conda: https://conda.anaconda.org/conda-forge/osx-arm64/libedit-3.1.20250104-pl5321hafb1f1b_0.conda
  sha256: 66aa216a403de0bb0c1340a88d1a06adaff66bae2cfd196731aa24db9859d631
  md5: 44083d2d2c2025afca315c7a172eab2b
  depends:
  - ncurses
  - __osx >=11.0
  - ncurses >=6.5,<7.0a0
  license: BSD-2-Clause
  license_family: BSD
  run_exports:
    weak:
    - libedit >=3.1.20250104,<3.2.0a0
  size: 107691
  timestamp: 1738479560845
- conda: https://conda.anaconda.org/conda-forge/osx-arm64/libev-4.33-h93a5062_2.conda
  sha256: 95cecb3902fbe0399c3a7e67a5bed1db813e5ab0e22f4023a5e0f722f2cc214f
  md5: 36d33e440c31857372a72137f78bacf5
  license: BSD-2-Clause
  license_family: BSD
  run_exports:
    weak:
    - libev >=4.33,<4.34.0a0
  size: 107458
  timestamp: 1702146414478
- conda: https://conda.anaconda.org/conda-forge/osx-arm64/libexpat-2.8.1-hf6b4638_1.conda
  sha256: 5af74261101e3c777399c6294b2b5d290e508153268eb2e9ff99c4d69834612f
  md5: a915151d5d3c5bf039f5ccc8402a436f
  depends:
  - __osx >=11.0
  constrains:
  - expat 2.8.1.*
  license: MIT
  license_family: MIT
  run_exports: {}
  size: 69362
  timestamp: 1781203631990
- conda: https://conda.anaconda.org/conda-forge/osx-arm64/libffi-3.5.2-hcf2aa1b_0.conda
  sha256: 6686a26466a527585e6a75cc2a242bf4a3d97d6d6c86424a441677917f28bec7
  md5: 43c04d9cb46ef176bb2a4c77e324d599
  depends:
  - __osx >=11.0
  license: MIT
  license_family: MIT
  run_exports:
    weak:
    - libffi >=3.5.2,<3.6.0a0
  size: 40979
  timestamp: 1769456747661
- conda: https://conda.anaconda.org/conda-forge/osx-arm64/libgcc-15.2.0-hcbb3090_19.conda
  sha256: 06644fa4d34d57c9e48f4d84b1256f9e5f654fdb37f43acc8a58a396952d42b7
  md5: 644058123986582db33aebd4ae2ca184
  depends:
  - _openmp_mutex
  constrains:
  - libgcc-ng ==15.2.0=*_19
  - libgomp 15.2.0 19
  license: GPL-3.0-only WITH GCC-exception-3.1
  license_family: GPL
  run_exports: {}
  size: 404080
  timestamp: 1778273064154
- conda: https://conda.anaconda.org/conda-forge/osx-arm64/libgfortran-15.2.0-h07b0088_19.conda
  sha256: d4837b3b9b30af3132d260225e91ab9dde83be04c59513f500cc81050fb37486
  md5: 1ea03f87cdb1078fbc0e2b2deb63752c
  depends:
  - libgfortran5 15.2.0 hdae7583_19
  constrains:
  - libgfortran-ng ==15.2.0=*_19
  license: GPL-3.0-only WITH GCC-exception-3.1
  license_family: GPL
  run_exports: {}
  size: 139675
  timestamp: 1778273280875
- conda: https://conda.anaconda.org/conda-forge/osx-arm64/libgfortran5-15.2.0-hdae7583_19.conda
  sha256: d0a68b7a121d115b80c169e24d1265dcc25a3fe58d107df1bbc430797e226d88
  md5: ba36d8c606a6a53fe0b8c12d47267b3d
  depends:
  - libgcc >=15.2.0
  constrains:
  - libgfortran 15.2.0
  license: GPL-3.0-only WITH GCC-exception-3.1
  license_family: GPL
  run_exports: {}
  size: 599691
  timestamp: 1778273075448
- conda: https://conda.anaconda.org/conda-forge/osx-arm64/libiconv-1.18-h23cfdf5_2.conda
  sha256: de0336e800b2af9a40bdd694b03870ac4a848161b35c8a2325704f123f185f03
  md5: 4d5a7445f0b25b6a3ddbb56e790f5251
  depends:
  - __osx >=11.0
  license: LGPL-2.1-only
  run_exports:
    weak:
    - libiconv >=1.18,<2.0a0
  size: 750379
  timestamp: 1754909073836
- conda: https://conda.anaconda.org/conda-forge/osx-arm64/libjpeg-turbo-3.2.0-h84a0fba_0.conda
  sha256: e2b4fce7cf48705dc182a0aa6c478a47b16202aeb712242caf9c9ab6a19778fa
  md5: 8f05a69b7e870574a2d366043f1515b1
  depends:
  - __osx >=11.0
  constrains:
  - jpeg <0.0.0a
  license: IJG AND BSD-3-Clause AND Zlib
  run_exports:
    weak:
    - libjpeg-turbo >=3.2.0,<4.0a0
  size: 558409
  timestamp: 1783732115664
- conda: https://conda.anaconda.org/conda-forge/osx-arm64/liblapack-3.11.0-8_hd9741b5_openblas.conda
  build_number: 8
  sha256: 8a076fe82142a00fe85f5a5a5351e286e8064f0100fe13608d19182cd0018c25
  md5: 85adeb3d469d082dbd9c8c39e36dec57
  depends:
  - libblas 3.11.0 8_h51639a9_openblas
  constrains:
  - libcblas   3.11.0   8*_openblas
  - blas 2.308   openblas
  - liblapacke 3.11.0   8*_openblas
  license: BSD-3-Clause
  license_family: BSD
  run_exports:
    weak:
    - liblapack >=3.11.0,<3.12.0a0
  size: 18925
  timestamp: 1779859153970
- conda: https://conda.anaconda.org/conda-forge/osx-arm64/libllvm23-23.1.1-h759d1ac_0.conda
  sha256: 961455da4087a2e524268d388099d907664f169e7eada8b4754c750266f0ce83
  md5: df2d199aecfbbf83a5a0827ca582bdc2
  depends:
  - __osx >=11.0
  - libcxx >=21
  - libxml2
  - libxml2-16 >=2.15.4
  - libzlib >=1.3.2,<2.0a0
  - zstd >=1.5.7,<1.6.0a0
  license: Apache-2.0 WITH LLVM-exception
  license_family: Apache
  run_exports:
    weak:
    - libllvm23 >=23.1.1,<23.2.0a0
  size: 31580353
  timestamp: 1788891746763
- conda: https://conda.anaconda.org/conda-forge/osx-arm64/liblzma-5.8.3-h8088a28_0.conda
  sha256: 34878d87275c298f1a732c6806349125cebbf340d24c6c23727268184bba051e
  md5: b1fd823b5ae54fbec272cea0811bd8a9
  depends:
  - __osx >=11.0
  constrains:
  - xz 5.8.3.*
  license: 0BSD
  run_exports:
    weak:
    - liblzma >=5.8.3,<6.0a0
  size: 92472
  timestamp: 1775825802659
- conda: https://conda.anaconda.org/conda-forge/osx-arm64/libmpdec-4.0.0-h84a0fba_1.conda
  sha256: 1089c7f15d5b62c622625ec6700732ece83be8b705da8c6607f4dabb0c4bd6d2
  md5: 57c4be259f5e0b99a5983799a228ae55
  depends:
  - __osx >=11.0
  license: BSD-2-Clause
  license_family: BSD
  run_exports: {}
  size: 73690
  timestamp: 1769482560514
- conda: https://conda.anaconda.org/conda-forge/osx-arm64/libnetcdf-4.10.1-nompi_ha00b61a_201.conda
  build_number: 101
  sha256: 59a360bebc22ffc64dab3c7295e01c8ab994026fb32a330c3950eba2db21b2fc
  md5: b907aad92c67f60cd8c82c7ed0df5ce8
  depends:
  - libcxx >=19
  - __osx >=11.0
  - libzip >=1.11.2,<2.0a0
  - hdf4 >=4.2.15,<4.2.16.0a0
  - libaec >=1.1.5,<2.0a0
  - libzlib >=1.3.2,<2.0a0
  - openssl >=3.5.7,<4.0a0
  - libcurl >=8.21.0,<9.0a0
  - zstd >=1.5.7,<1.6.0a0
  - blosc >=1.21.6,<2.0a0
  - hdf5 >=2.1.0,<3.0a0
  - libxml2
  - libxml2-16 >=2.14.6
  - bzip2 >=1.0.8,<2.0a0
  license: MIT
  license_family: MIT
  run_exports:
    weak:
    - libnetcdf >=4.10.1,<4.10.2.0a0
  size: 807359
  timestamp: 1783982087132
- conda: https://conda.anaconda.org/conda-forge/osx-arm64/libnghttp2-1.68.1-h8f3e76b_0.conda
  sha256: 2bc7bc3978066f2c274ebcbf711850cc9ab92e023e433b9631958a098d11e10a
  md5: 6ea18834adbc3b33df9bd9fb45eaf95b
  depends:
  - __osx >=11.0
  - c-ares >=1.34.6,<2.0a0
  - libcxx >=19
  - libev >=4.33,<4.34.0a0
  - libev >=4.33,<5.0a0
  - libzlib >=1.3.1,<2.0a0
  - openssl >=3.5.5,<4.0a0
  license: MIT
  license_family: MIT
  run_exports:
    weak:
    - libnghttp2 >=1.68.1,<2.0a0
  size: 576526
  timestamp: 1773854624224
- conda: https://conda.anaconda.org/conda-forge/osx-arm64/libopenblas-0.3.33-openmp_he657e61_0.conda
  sha256: 9dd455b2d172aeedfa2058d324b5b5822b0bc1b7c1f32cd183d7078540d2f6eb
  md5: 909e41855c29f0d52ae630198cd57135
  depends:
  - __osx >=11.0
  - libgfortran
  - libgfortran5 >=14.3.0
  - llvm-openmp >=19.1.7
  constrains:
  - openblas >=0.3.33,<0.3.34.0a0
  license: BSD-3-Clause
  license_family: BSD
  run_exports:
    weak:
    - libopenblas >=0.3.33,<1.0a0
  size: 4304965
  timestamp: 1776995497368
- conda: https://conda.anaconda.org/conda-forge/osx-arm64/libpsl-0.22.0-h92480b3_1.conda
  sha256: 1dd03b21e74f41ed7af31d82f61129d94e3cce31485eb221e3acecba26ab34bf
  md5: 9bced3ae8f4bc78a5b22f7247554c9ee
  depends:
  - __osx >=11.0
  - icu >=78.3,<79.0a0
  - libcxx >=19
  license: MIT
  license_family: MIT
  run_exports:
    weak:
    - libpsl >=0.22.0,<0.23.0a0
  size: 68846
  timestamp: 1783937608868
- conda: https://conda.anaconda.org/conda-forge/osx-arm64/libsqlite-3.53.3-h1b79a29_0.conda
  sha256: a73a8acd97a6599fd6e561514db9f101ca7fd984cdc0cfd91ba74c8aa9dbe067
  md5: 7184d95871a58b8258a8ea124ed5aabc
  depends:
  - __osx >=11.0
  - libzlib >=1.3.2,<2.0a0
  license: blessing
  run_exports:
    weak:
    - libsqlite >=3.53.3,<4.0a0
  size: 924912
  timestamp: 1782519136322
- conda: https://conda.anaconda.org/conda-forge/osx-arm64/libssh2-1.11.1-h1590b86_0.conda
  sha256: 8bfe837221390ffc6f111ecca24fa12d4a6325da0c8d131333d63d6c37f27e0a
  md5: b68e8f66b94b44aaa8de4583d3d4cc40
  depends:
  - libzlib >=1.3.1,<2.0a0
  - openssl >=3.5.0,<4.0a0
  license: BSD-3-Clause
  license_family: BSD
  run_exports:
    weak:
    - libssh2 >=1.11.1,<2.0a0
  size: 279193
  timestamp: 1745608793272
- conda: https://conda.anaconda.org/conda-forge/osx-arm64/libuv-1.52.1-h1a92334_0.conda
  sha256: e23176af832f637693ebbb9bbe7d29c0f4cba662dabd001081d2aa6fc9f7f661
  md5: fa9fef7d9f33724b7c3899c883c25a3e
  depends:
  - __osx >=11.0
  license: MIT
  license_family: MIT
  run_exports:
    weak:
    - libuv >=1.52.1,<2.0a0
  size: 122732
  timestamp: 1779396113397
- conda: https://conda.anaconda.org/conda-forge/osx-arm64/libxml2-16-2.15.4-heb56d2d_0.conda
  sha256: 8a26f7c94ab849c1930da36c298f4b82e892382b70ae865cd7274188d9d783e2
  md5: b40633f711a5eb8617917e0e944b9965
  depends:
  - __osx >=11.0
  - icu >=78.3,<79.0a0
  - libiconv >=1.18,<2.0a0
  - liblzma >=5.8.3,<6.0a0
  - libzlib >=1.3.2,<2.0a0
  constrains:
  - libxml2 2.15.4
  license: MIT
  license_family: MIT
  run_exports: {}
  size: 469299
  timestamp: 1788635201153
- conda: https://conda.anaconda.org/conda-forge/osx-arm64/libxml2-2.15.4-h550178d_0.conda
  sha256: 81217fcd4d4abdc69ee63cdb9cdb22e05a20b9ba7a76f596579914a838fe5960
  md5: 4b97a34d06740b578c32deba195daf5a
  depends:
  - __osx >=11.0
  - icu >=78.3,<79.0a0
  - libiconv >=1.18,<2.0a0
  - liblzma >=5.8.3,<6.0a0
  - libxml2-16 2.15.4 heb56d2d_0
  - libzlib >=1.3.2,<2.0a0
  license: MIT
  license_family: MIT
  run_exports:
    weak:
    - libxml2
    - libxml2-16 >=2.15.4
  size: 41375
  timestamp: 1788635206084
- conda: https://conda.anaconda.org/conda-forge/osx-arm64/libzip-1.11.2-h1336266_0.conda
  sha256: 507599a77c1ce823c2d3acaefaae4ead0686f183f3980467a4c4b8ba209eff40
  md5: 7177414f275db66735a17d316b0a81d6
  depends:
  - __osx >=11.0
  - bzip2 >=1.0.8,<2.0a0
  - libzlib >=1.3.1,<2.0a0
  - openssl >=3.3.2,<4.0a0
  license: BSD-3-Clause
  license_family: BSD
  run_exports:
    weak:
    - libzip >=1.11.2,<2.0a0
  size: 125507
  timestamp: 1730442214849
- conda: https://conda.anaconda.org/conda-forge/osx-arm64/libzlib-1.3.2-h8088a28_2.conda
  sha256: 361415a698514b19a852f5d1123c5da746d4642139904156ddfca7c922d23a05
  md5: bc5a5721b6439f2f62a84f2548136082
  depends:
  - __osx >=11.0
  constrains:
  - zlib 1.3.2 *_2
  license: Zlib
  license_family: Other
  run_exports:
    weak:
    - libzlib >=1.3.2,<2.0a0
  size: 47759
  timestamp: 1774072956767
- conda: https://conda.anaconda.org/conda-forge/osx-arm64/llvm-openmp-22.1.8-hc7d1edf_0.conda
  sha256: ccbaad6bbc88f135ab849bc36af5fa6eda36a9ed18ce6f58e3dde3d11784c156
  md5: a9c118f6343fb6301b6f3b4e94c4c562
  depends:
  - __osx >=11.0
  constrains:
  - intel-openmp <0.0a0
  - openmp 22.1.8|22.1.8.*
  license: Apache-2.0 WITH LLVM-exception
  license_family: APACHE
  run_exports:
    strong:
    - llvm-openmp >=22.1.8
  size: 286313
  timestamp: 1781736516782
- conda: https://conda.anaconda.org/conda-forge/osx-arm64/llvm-tools-23-23.1.1-h79441dc_0.conda
  sha256: c09f06b2e9939bfb3a98771ce637c2c2e92815e4103054774802d82df458a516
  md5: 6ecdf340bce7f3380d6636d8939e48c4
  depends:
  - __osx >=11.0
  - libcxx >=21
  - libllvm23 23.1.1 h759d1ac_0
  - libzlib >=1.3.2,<2.0a0
  - zstd >=1.5.7,<1.6.0a0
  license: Apache-2.0 WITH LLVM-exception
  license_family: Apache
  run_exports: {}
  size: 18479423
  timestamp: 1788891850401
- conda: https://conda.anaconda.org/conda-forge/osx-arm64/llvm-tools-23.1.1-hdb3d66b_0.conda
  sha256: 13fa32885fbd64d9b86e169260e5f6a538068386a86603dc84d46a18a9a09989
  md5: ab9188835152e51b717f25023432c3bb
  depends:
  - __osx >=11.0
  - libllvm23 23.1.1 h759d1ac_0
  - llvm-tools-23 23.1.1 h79441dc_0
  constrains:
  - clang       23.1.1
  - clang-tools 23.1.1
  - llvm        23.1.1
  - llvmdev     23.1.1
  license: Apache-2.0 WITH LLVM-exception
  license_family: Apache
  run_exports: {}
  size: 52313
  timestamp: 1788891903454
- conda: https://conda.anaconda.org/conda-forge/osx-arm64/lz4-c-1.10.0-h286801f_1.conda
  sha256: 94d3e2a485dab8bdfdd4837880bde3dd0d701e2b97d6134b8806b7c8e69c8652
  md5: 01511afc6cc1909c5303cf31be17b44f
  depends:
  - __osx >=11.0
  - libcxx >=18
  license: BSD-2-Clause
  license_family: BSD
  run_exports:
    weak:
    - lz4-c >=1.10.0,<1.11.0a0
  size: 148824
  timestamp: 1733741047892
- conda: https://conda.anaconda.org/conda-forge/osx-arm64/make-4.4.1-hc9fafa5_2.conda
  sha256: 90ca65e788406d9029ae23ad4bd944a8b5353ad5f59bd6ce326f980cde46f37e
  md5: 9f44ef1fea0a25d6a3491c58f3af8460
  depends:
  - __osx >=11.0
  license: GPL-3.0-or-later
  license_family: GPL
  run_exports: {}
  size: 274048
  timestamp: 1727801725384
- conda: https://conda.anaconda.org/conda-forge/osx-arm64/ncurses-6.6-h1d4f5a5_0.conda
  sha256: 4ea6c620b87bd1d42bb2ccc2c87cd2483fa2d7f9e905b14c223f11ff3f4c455d
  md5: 343d10ed5b44030a2f67193905aea159
  depends:
  - __osx >=11.0
  license: X11 AND BSD-3-Clause
  run_exports:
    weak:
    - ncurses >=6.6,<7.0a0
  size: 805509
  timestamp: 1777423252320
- conda: https://conda.anaconda.org/conda-forge/osx-arm64/netcdf4-1.7.4-nompi_py311h2615ac9_109.conda
  noarch: python
  sha256: 46e1d2be5d36f965a37e1eefa516a58a07d81100d6bc2d0a49cd59bb06c4c62d
  md5: 8bd063a2982e8fefb4565e6e733279f4
  depends:
  - python
  - certifi
  - cftime
  - numpy
  - packaging
  - hdf5
  - libnetcdf
  - __osx >=11.0
  - hdf5 >=2.1.0,<3.0a0
  - libzlib >=1.3.2,<2.0a0
  - libnetcdf >=4.10.1,<4.10.2.0a0
  - numpy >=1.23,<3
  - _python_abi3_support 1.*
  - cpython >=3.11
  license: MIT
  license_family: MIT
  run_exports: {}
  size: 999220
  timestamp: 1783865908541
- conda: https://conda.anaconda.org/conda-forge/osx-arm64/numpy-2.5.1-py314hb79c6fa_0.conda
  sha256: 3aa853ec05e6fe6b660be354fd05ab2a89b2e6cc6346612a6c75a18f38f62c3d
  md5: 3587914062d5537dde5fa8c2131cf624
  depends:
  - python
  - __osx >=11.0
  - libcxx >=19
  - python_abi 3.14.* *_cp314
  - liblapack >=3.9.0,<4.0a0
  - libblas >=3.9.0,<4.0a0
  - libcblas >=3.9.0,<4.0a0
  constrains:
  - numpy-base <0a0
  license: BSD-3-Clause
  license_family: BSD
  run_exports:
    weak:
    - numpy >=1.25,<3
  size: 7135957
  timestamp: 1783206216666
- conda: https://conda.anaconda.org/conda-forge/osx-arm64/openssl-3.6.3-hd24854e_0.conda
  sha256: b3e3ca895c336d4eb91c5d2f244a312bdb59a0de8cfa0cc4c179225ab2f6bbfb
  md5: 8187a86242741725bfa74785fe812979
  depends:
  - __osx >=11.0
  - ca-certificates
  license: Apache-2.0
  license_family: Apache
  run_exports:
    weak:
    - openssl >=3.6.3,<4.0a0
  size: 3102584
  timestamp: 1781069820667
- conda: https://conda.anaconda.org/conda-forge/osx-arm64/python-3.14.6-h156bc91_100_cp314.conda
  build_number: 100
  sha256: 984081c9fae3a3944c6f2707bbbbc70e8b961f02cdb7c640d9745e2636235632
  md5: 4841be3d0cf616a860efc6e60af66f8b
  depends:
  - __osx >=11.0
  - bzip2 >=1.0.8,<2.0a0
  - libexpat >=2.8.1,<3.0a0
  - libffi >=3.5.2,<3.6.0a0
  - liblzma >=5.8.3,<6.0a0
  - libmpdec >=4.0.0,<5.0a0
  - libsqlite >=3.53.2,<4.0a0
  - libzlib >=1.3.2,<2.0a0
  - ncurses >=6.6,<7.0a0
  - openssl >=3.5.7,<4.0a0
  - python_abi 3.14.* *_cp314
  - readline >=8.3,<9.0a0
  - tk >=8.6.13,<8.7.0a0
  - tzdata
  - zstd >=1.5.7,<1.6.0a0
  license: Python-2.0
  run_exports:
    weak:
    - python_abi 3.14.* *_cp314
    noarch:
    - python
  size: 14059371
  timestamp: 1781254578985
  python_site_packages_path: lib/python3.14/site-packages
- conda: https://conda.anaconda.org/conda-forge/osx-arm64/readline-8.3-h46df422_0.conda
  sha256: a77010528efb4b548ac2a4484eaf7e1c3907f2aec86123ed9c5212ae44502477
  md5: f8381319127120ce51e081dce4865cf4
  depends:
  - __osx >=11.0
  - ncurses >=6.5,<7.0a0
  license: GPL-3.0-only
  license_family: GPL
  run_exports:
    weak:
    - readline >=8.3,<9.0a0
  size: 313930
  timestamp: 1765813902568
- conda: https://conda.anaconda.org/conda-forge/osx-arm64/rhash-1.4.6-h5505292_1.conda
  sha256: f4957c05f4fbcd99577de8838ca4b5b1ae4b400a44be647a0159c14f85b9bfc0
  md5: 029e812c8ae4e0d4cf6ff4f7d8dc9366
  depends:
  - __osx >=11.0
  license: MIT
  license_family: MIT
  run_exports:
    weak:
    - rhash >=1.4.6,<2.0a0
  size: 185448
  timestamp: 1748645057503
- conda: https://conda.anaconda.org/conda-forge/osx-arm64/s2n-1.7.5-h1b28cb6_1.conda
  sha256: 47ec36bdd05117c974853a8dbaa9d89605a5f70b592d47c7d198b20252ddf1f4
  md5: 94b3b302cd6c07c5ec68648b25c8c525
  depends:
  - __osx >=11.0
  - openssl >=3.5.7,<4.0a0
  license: Apache-2.0
  license_family: Apache
  run_exports:
    weak:
    - s2n >=1.7.5,<1.7.6.0a0
  size: 276705
  timestamp: 1783165153651
- conda: https://conda.anaconda.org/conda-forge/osx-arm64/snappy-1.2.2-hada39a4_1.conda
  sha256: cb9305ede19584115f43baecdf09a3866bfcd5bcca0d9e527bd76d9a1dbe2d8d
  md5: fca4a2222994acd7f691e57f94b750c5
  depends:
  - libcxx >=19
  - __osx >=11.0
  license: BSD-3-Clause
  license_family: BSD
  run_exports:
    weak:
    - snappy >=1.2.2,<1.3.0a0
  size: 38883
  timestamp: 1762948066818
- conda: https://conda.anaconda.org/conda-forge/osx-arm64/tk-8.6.13-h010d191_3.conda
  sha256: 799cab4b6cde62f91f750149995d149bc9db525ec12595e8a1d91b9317f038b3
  md5: a9d86bc62f39b94c4661716624eb21b0
  depends:
  - __osx >=11.0
  - libzlib >=1.3.1,<2.0a0
  license: TCL
  license_family: BSD
  run_exports:
    weak:
    - tk >=8.6.13,<8.7.0a0
  size: 3127137
  timestamp: 1769460817696
- conda: https://conda.anaconda.org/conda-forge/osx-arm64/zstd-1.5.7-hbf9d68e_6.conda
  sha256: 9485ba49e8f47d2b597dd399e88f4802e100851b27c21d7525625b0b4025a5d9
  md5: ab136e4c34e97f34fb621d2592a393d8
  depends:
  - __osx >=11.0
  - libzlib >=1.3.1,<2.0a0
  license: BSD-3-Clause
  license_family: BSD
  run_exports:
    weak:
    - zstd >=1.5.7,<1.6.0a0
  size: 433413
  timestamp: 1764777166076
